{
  "name": "@datastream/compress",
  "version": "0.0.6",
  "lockfileVersion": 2,
  "requires": true,
  "packages": {
    "": {
      "name": "@datastream/compress",
      "version": "0.0.6",
      "license": "MIT",
      "dependencies": {
        "@datastream/compress": "0.0.6",
        "@datastream/core": "0.0.6",
        "brotli-wasm": "1.3.0"
      },
      "engines": {
        "node": ">=18"
      }
    },
    "node_modules/@datastream/compress": {
      "version": "0.0.5",
      "resolved": "https://registry.npmjs.org/@datastream/compress/-/compress-0.0.5.tgz",
      "integrity": "sha512-MoGY2J0Xo3qcOROHwK2dwuDeh8XVOfosRgzfuxNuaa1ENytBCZ5p346Q/Cyf7F7INSNN1SXQnmqktMim1JmOaA==",
      "dependencies": {
        "@datastream/compression": "file:./",
        "@datastream/core": "0.0.5",
        "brotli-wasm": "1.3.0"
      },
      "engines": {
        "node": ">=18"
      }
    },
    "node_modules/@datastream/compression": {
      "resolved": "node_modules/@datastream/compress",
      "link": true
    },
    "node_modules/@datastream/core": {
      "version": "0.0.5",
      "resolved": "https://registry.npmjs.org/@datastream/core/-/core-0.0.5.tgz",
      "integrity": "sha512-uh4GUQ8HPKbRlK6s5tW8rMB03mNDjaPQ3Mkf+TLkmzinNk5Lw9u20Bn3afRKylLWXRW6jU5Q/SdP0u7TYOKWLQ==",
      "engines": {
        "node": ">=18"
      }
    },
    "node_modules/brotli-wasm": {
      "version": "1.3.0",
      "resolved": "https://registry.npmjs.org/brotli-wasm/-/brotli-wasm-1.3.0.tgz",
      "integrity": "sha512-UnkbbzX4/eYPzxUUAnIb3MVU477fY/ZXAwRBLQXjnikNFILSoIYtCPjC9CJKdndSpjFKhsYNYS6xRWyuarkyRQ=="
    }
  },
  "dependencies": {
    "@datastream/compress": {
      "version": "0.0.5",
      "resolved": "https://registry.npmjs.org/@datastream/compress/-/compress-0.0.5.tgz",
      "integrity": "sha512-MoGY2J0Xo3qcOROHwK2dwuDeh8XVOfosRgzfuxNuaa1ENytBCZ5p346Q/Cyf7F7INSNN1SXQnmqktMim1JmOaA==",
      "requires": {
        "@datastream/compression": "file:",
        "@datastream/core": "0.0.5",
        "brotli-wasm": "1.3.0"
      }
    },
    "@datastream/compression": {
      "version": "file:node_modules/@datastream/compress",
      "integrity": "sha512-MoGY2J0Xo3qcOROHwK2dwuDeh8XVOfosRgzfuxNuaa1ENytBCZ5p346Q/Cyf7F7INSNN1SXQnmqktMim1JmOaA==",
      "requires": {
        "@datastream/compression": "file:",
        "@datastream/core": "0.0.5",
        "brotli-wasm": "1.3.0"
      }
    },
    "@datastream/core": {
      "version": "0.0.5",
      "resolved": "https://registry.npmjs.org/@datastream/core/-/core-0.0.5.tgz",
      "integrity": "sha512-uh4GUQ8HPKbRlK6s5tW8rMB03mNDjaPQ3Mkf+TLkmzinNk5Lw9u20Bn3afRKylLWXRW6jU5Q/SdP0u7TYOKWLQ=="
    },
    "brotli-wasm": {
      "version": "1.3.0",
      "resolved": "https://registry.npmjs.org/brotli-wasm/-/brotli-wasm-1.3.0.tgz",
      "integrity": "sha512-UnkbbzX4/eYPzxUUAnIb3MVU477fY/ZXAwRBLQXjnikNFILSoIYtCPjC9CJKdndSpjFKhsYNYS6xRWyuarkyRQ=="
    }
  }
}
