{
  "name": "@datastream/compress",
  "version": "0.0.5",
  "lockfileVersion": 2,
  "requires": true,
  "packages": {
    "": {
      "name": "@datastream/compress",
      "version": "0.0.5",
      "license": "MIT",
      "dependencies": {
        "@datastream/compression": "file:./",
        "@datastream/core": "0.0.5",
        "brotli-wasm": "1.3.0"
      },
      "engines": {
        "node": ">=18"
      }
    },
    "node_modules/@datastream/compression": {
      "resolved": "",
      "link": true
    },
    "node_modules/@datastream/core": {
      "version": "0.0.3",
      "resolved": "https://registry.npmjs.org/@datastream/core/-/core-0.0.3.tgz",
      "integrity": "sha512-wQghU+p+T1KRwK6VQ5QjmlSAjs60UcvxDbtNNE11DcnDYJFxlH4xC1mklWp+xhPyYzfqijP49HAKqdpsTPVSKg==",
      "engines": {
        "node": ">=18"
      }
    },
    "node_modules/brotli-wasm": {
      "version": "1.3.0",
      "resolved": "https://registry.npmjs.org/brotli-wasm/-/brotli-wasm-1.3.0.tgz",
      "integrity": "sha512-UnkbbzX4/eYPzxUUAnIb3MVU477fY/ZXAwRBLQXjnikNFILSoIYtCPjC9CJKdndSpjFKhsYNYS6xRWyuarkyRQ=="
    }
  },
  "dependencies": {
    "@datastream/compression": {
      "version": "file:",
      "requires": {
        "@datastream/compression": "file:",
        "@datastream/core": "0.0.3",
        "brotli-wasm": "1.3.0"
      },
      "dependencies": {
        "@datastream/core": {
          "version": "0.0.3",
          "resolved": "https://registry.npmjs.org/@datastream/core/-/core-0.0.3.tgz",
          "integrity": "sha512-wQghU+p+T1KRwK6VQ5QjmlSAjs60UcvxDbtNNE11DcnDYJFxlH4xC1mklWp+xhPyYzfqijP49HAKqdpsTPVSKg=="
        },
        "brotli-wasm": {
          "version": "1.3.0",
          "resolved": "https://registry.npmjs.org/brotli-wasm/-/brotli-wasm-1.3.0.tgz",
          "integrity": "sha512-UnkbbzX4/eYPzxUUAnIb3MVU477fY/ZXAwRBLQXjnikNFILSoIYtCPjC9CJKdndSpjFKhsYNYS6xRWyuarkyRQ=="
        }
      }
    },
    "@datastream/core": {
      "version": "0.0.3",
      "resolved": "https://registry.npmjs.org/@datastream/core/-/core-0.0.3.tgz",
      "integrity": "sha512-wQghU+p+T1KRwK6VQ5QjmlSAjs60UcvxDbtNNE11DcnDYJFxlH4xC1mklWp+xhPyYzfqijP49HAKqdpsTPVSKg=="
    },
    "brotli-wasm": {
      "version": "1.3.0",
      "resolved": "https://registry.npmjs.org/brotli-wasm/-/brotli-wasm-1.3.0.tgz",
      "integrity": "sha512-UnkbbzX4/eYPzxUUAnIb3MVU477fY/ZXAwRBLQXjnikNFILSoIYtCPjC9CJKdndSpjFKhsYNYS6xRWyuarkyRQ=="
    }
  }
}
