{
  "name": "@datastream/fetch",
  "version": "0.0.3",
  "lockfileVersion": 2,
  "requires": true,
  "packages": {
    "": {
      "name": "@datastream/fetch",
      "version": "0.0.3",
      "license": "MIT",
      "dependencies": {
        "@datastream/object": "0.0.3"
      },
      "devDependencies": {
        "@datastream/core": "0.0.3"
      },
      "engines": {
        "node": ">=18"
      }
    },
    "../core": {
      "name": "@datastream/core",
      "version": "0.0.3",
      "dev": true,
      "license": "MIT",
      "devDependencies": {
        "@datastream/core": "0.0.3"
      },
      "engines": {
        "node": ">=18"
      }
    },
    "../core/node_modules/@datastream/core": {
      "resolved": "../core",
      "link": true
    },
    "node_modules/@datastream/core": {
      "resolved": "../core",
      "link": true
    },
    "node_modules/@datastream/object": {
      "version": "0.0.3",
      "resolved": "https://registry.npmjs.org/@datastream/object/-/object-0.0.3.tgz",
      "integrity": "sha512-WadAdpq2e/vjq002eoyKWNi3GYzqEC8ouxezqQHqKu0FE0+wwyX3X2RTNoQxdh/dANCXYJPpuT4OGuItBhKFOQ==",
      "dependencies": {
        "@datastream/core": "0.0.3"
      },
      "engines": {
        "node": ">=18"
      }
    }
  },
  "dependencies": {
    "@datastream/core": {
      "version": "file:../core",
      "requires": {
        "@datastream/core": "0.0.3"
      },
      "dependencies": {
        "@datastream/core": {
          "version": "file:../core",
          "requires": {
            "@datastream/core": "0.0.3"
          }
        }
      }
    },
    "@datastream/object": {
      "version": "0.0.3",
      "resolved": "https://registry.npmjs.org/@datastream/object/-/object-0.0.3.tgz",
      "integrity": "sha512-WadAdpq2e/vjq002eoyKWNi3GYzqEC8ouxezqQHqKu0FE0+wwyX3X2RTNoQxdh/dANCXYJPpuT4OGuItBhKFOQ==",
      "requires": {
        "@datastream/core": "0.0.3"
      }
    }
  }
}
