{
  "name": "@datastream/object",
  "version": "0.0.3",
  "lockfileVersion": 2,
  "requires": true,
  "packages": {
    "": {
      "name": "@datastream/object",
      "version": "0.0.3",
      "license": "MIT",
      "dependencies": {
        "@datastream/core": "0.0.2"
      },
      "devDependencies": {
        "@datastream/object": "0.0.2"
      },
      "engines": {
        "node": ">=18"
      }
    },
    "../core": {
      "name": "@datastream/core",
      "version": "0.0.2",
      "dev": true,
      "license": "MIT",
      "devDependencies": {
        "@datastream/core": "0.0.2"
      },
      "engines": {
        "node": ">=18"
      }
    },
    "../core/node_modules/@datastream/core": {
      "resolved": "../core",
      "link": true
    },
    "node_modules/@datastream/core": {
      "resolved": "../core",
      "link": true
    },
    "node_modules/@datastream/object": {
      "resolved": "",
      "link": true
    }
  },
  "dependencies": {
    "@datastream/core": {
      "version": "file:../core",
      "requires": {
        "@datastream/core": "0.0.2"
      },
      "dependencies": {
        "@datastream/core": {
          "version": "file:../core",
          "requires": {
            "@datastream/core": "0.0.2"
          }
        }
      }
    },
    "@datastream/object": {
      "version": "file:",
      "requires": {
        "@datastream/core": "0.0.2",
        "@datastream/object": "0.0.2"
      },
      "dependencies": {
        "@datastream/core": {
          "version": "file:../core",
          "requires": {
            "@datastream/core": "0.0.2"
          },
          "dependencies": {
            "@datastream/core": {
              "version": "file:../core",
              "requires": {
                "@datastream/core": "0.0.2"
              }
            }
          }
        }
      }
    }
  }
}
