{
  "name": "@datastream/object",
  "version": "0.0.6",
  "lockfileVersion": 2,
  "requires": true,
  "packages": {
    "": {
      "name": "@datastream/object",
      "version": "0.0.6",
      "license": "MIT",
      "dependencies": {
        "@datastream/core": "0.0.6"
      },
      "devDependencies": {
        "@datastream/object": "0.0.6"
      },
      "engines": {
        "node": ">=18"
      }
    },
    "node_modules/@datastream/core": {
      "version": "0.0.5",
      "resolved": "https://registry.npmjs.org/@datastream/core/-/core-0.0.5.tgz",
      "integrity": "sha512-uh4GUQ8HPKbRlK6s5tW8rMB03mNDjaPQ3Mkf+TLkmzinNk5Lw9u20Bn3afRKylLWXRW6jU5Q/SdP0u7TYOKWLQ==",
      "engines": {
        "node": ">=18"
      }
    },
    "node_modules/@datastream/object": {
      "version": "0.0.5",
      "resolved": "https://registry.npmjs.org/@datastream/object/-/object-0.0.5.tgz",
      "integrity": "sha512-fk1wL7anp+G5OCNee2ExKP3Le4SMkr09Fo/u6BO1adiLF0t73S+5PIf6xIVM/2XjAMCf4rXVoq1TbSuuIyvnJQ==",
      "dev": true,
      "dependencies": {
        "@datastream/core": "0.0.5"
      },
      "engines": {
        "node": ">=18"
      }
    }
  },
  "dependencies": {
    "@datastream/core": {
      "version": "0.0.5",
      "resolved": "https://registry.npmjs.org/@datastream/core/-/core-0.0.5.tgz",
      "integrity": "sha512-uh4GUQ8HPKbRlK6s5tW8rMB03mNDjaPQ3Mkf+TLkmzinNk5Lw9u20Bn3afRKylLWXRW6jU5Q/SdP0u7TYOKWLQ=="
    },
    "@datastream/object": {
      "version": "0.0.5",
      "resolved": "https://registry.npmjs.org/@datastream/object/-/object-0.0.5.tgz",
      "integrity": "sha512-fk1wL7anp+G5OCNee2ExKP3Le4SMkr09Fo/u6BO1adiLF0t73S+5PIf6xIVM/2XjAMCf4rXVoq1TbSuuIyvnJQ==",
      "dev": true,
      "requires": {
        "@datastream/core": "0.0.5"
      }
    }
  }
}
