{
  "name": "@datastream/digest",
  "version": "0.0.5",
  "lockfileVersion": 2,
  "requires": true,
  "packages": {
    "": {
      "name": "@datastream/digest",
      "version": "0.0.5",
      "license": "MIT",
      "dependencies": {
        "@datastream/core": "0.0.5",
        "@datastream/digest": "0.0.5",
        "hash-wasm": "4.9.0"
      },
      "engines": {
        "node": ">=18"
      }
    },
    "node_modules/@datastream/core": {
      "version": "0.0.3",
      "resolved": "https://registry.npmjs.org/@datastream/core/-/core-0.0.3.tgz",
      "integrity": "sha512-wQghU+p+T1KRwK6VQ5QjmlSAjs60UcvxDbtNNE11DcnDYJFxlH4xC1mklWp+xhPyYzfqijP49HAKqdpsTPVSKg==",
      "engines": {
        "node": ">=18"
      }
    },
    "node_modules/@datastream/digest": {
      "version": "0.0.3",
      "resolved": "https://registry.npmjs.org/@datastream/digest/-/digest-0.0.3.tgz",
      "integrity": "sha512-hSwtgpxzUEtIoF7L2b7PDTLa/+gy8/i4At5+wwjf0yNhy/2wl5fYNSckYCsb2+0QyicBQmo/M3HcAisnIIjC9g==",
      "dependencies": {
        "@datastream/core": "0.0.3",
        "@datastream/digest": "0.0.3",
        "hash-wasm": "4.9.0"
      },
      "engines": {
        "node": ">=18"
      }
    },
    "node_modules/hash-wasm": {
      "version": "4.9.0",
      "resolved": "https://registry.npmjs.org/hash-wasm/-/hash-wasm-4.9.0.tgz",
      "integrity": "sha512-7SW7ejyfnRxuOc7ptQHSf4LDoZaWOivfzqw+5rpcQku0nHfmicPKE51ra9BiRLAmT8+gGLestr1XroUkqdjL6w=="
    }
  },
  "dependencies": {
    "@datastream/core": {
      "version": "0.0.3",
      "resolved": "https://registry.npmjs.org/@datastream/core/-/core-0.0.3.tgz",
      "integrity": "sha512-wQghU+p+T1KRwK6VQ5QjmlSAjs60UcvxDbtNNE11DcnDYJFxlH4xC1mklWp+xhPyYzfqijP49HAKqdpsTPVSKg=="
    },
    "@datastream/digest": {
      "version": "0.0.3",
      "resolved": "https://registry.npmjs.org/@datastream/digest/-/digest-0.0.3.tgz",
      "integrity": "sha512-hSwtgpxzUEtIoF7L2b7PDTLa/+gy8/i4At5+wwjf0yNhy/2wl5fYNSckYCsb2+0QyicBQmo/M3HcAisnIIjC9g==",
      "requires": {
        "@datastream/core": "0.0.3",
        "@datastream/digest": "0.0.3",
        "hash-wasm": "4.9.0"
      }
    },
    "hash-wasm": {
      "version": "4.9.0",
      "resolved": "https://registry.npmjs.org/hash-wasm/-/hash-wasm-4.9.0.tgz",
      "integrity": "sha512-7SW7ejyfnRxuOc7ptQHSf4LDoZaWOivfzqw+5rpcQku0nHfmicPKE51ra9BiRLAmT8+gGLestr1XroUkqdjL6w=="
    }
  }
}
