{
  "name": "@datastream/digest",
  "version": "0.0.5",
  "lockfileVersion": 2,
  "requires": true,
  "packages": {
    "": {
      "name": "@datastream/digest",
      "version": "0.0.5",
      "license": "MIT",
      "dependencies": {
        "@datastream/core": "0.0.5",
        "@datastream/digest": "0.0.5",
        "hash-wasm": "4.9.0"
      },
      "engines": {
        "node": ">=18"
      }
    },
    "node_modules/@datastream/core": {
      "version": "0.0.5",
      "resolved": "https://registry.npmjs.org/@datastream/core/-/core-0.0.5.tgz",
      "integrity": "sha512-uh4GUQ8HPKbRlK6s5tW8rMB03mNDjaPQ3Mkf+TLkmzinNk5Lw9u20Bn3afRKylLWXRW6jU5Q/SdP0u7TYOKWLQ==",
      "engines": {
        "node": ">=18"
      }
    },
    "node_modules/@datastream/digest": {
      "version": "0.0.5",
      "resolved": "https://registry.npmjs.org/@datastream/digest/-/digest-0.0.5.tgz",
      "integrity": "sha512-dOfdx9k22e5XzPHKgzKGasIYax/fTv0dTCHDneGHEuVV4TVTNzlKdDgA+5YihTftcXCYUqk23ro1Ahn+U7LnkQ==",
      "dependencies": {
        "@datastream/core": "0.0.5",
        "@datastream/digest": "0.0.5",
        "hash-wasm": "4.9.0"
      },
      "engines": {
        "node": ">=18"
      }
    },
    "node_modules/hash-wasm": {
      "version": "4.9.0",
      "resolved": "https://registry.npmjs.org/hash-wasm/-/hash-wasm-4.9.0.tgz",
      "integrity": "sha512-7SW7ejyfnRxuOc7ptQHSf4LDoZaWOivfzqw+5rpcQku0nHfmicPKE51ra9BiRLAmT8+gGLestr1XroUkqdjL6w=="
    }
  },
  "dependencies": {
    "@datastream/core": {
      "version": "0.0.5",
      "resolved": "https://registry.npmjs.org/@datastream/core/-/core-0.0.5.tgz",
      "integrity": "sha512-uh4GUQ8HPKbRlK6s5tW8rMB03mNDjaPQ3Mkf+TLkmzinNk5Lw9u20Bn3afRKylLWXRW6jU5Q/SdP0u7TYOKWLQ=="
    },
    "@datastream/digest": {
      "version": "0.0.5",
      "resolved": "https://registry.npmjs.org/@datastream/digest/-/digest-0.0.5.tgz",
      "integrity": "sha512-dOfdx9k22e5XzPHKgzKGasIYax/fTv0dTCHDneGHEuVV4TVTNzlKdDgA+5YihTftcXCYUqk23ro1Ahn+U7LnkQ==",
      "requires": {
        "@datastream/core": "0.0.5",
        "@datastream/digest": "0.0.5",
        "hash-wasm": "4.9.0"
      }
    },
    "hash-wasm": {
      "version": "4.9.0",
      "resolved": "https://registry.npmjs.org/hash-wasm/-/hash-wasm-4.9.0.tgz",
      "integrity": "sha512-7SW7ejyfnRxuOc7ptQHSf4LDoZaWOivfzqw+5rpcQku0nHfmicPKE51ra9BiRLAmT8+gGLestr1XroUkqdjL6w=="
    }
  }
}
