{
  "name": "@datastream/digest",
  "version": "0.0.2",
  "lockfileVersion": 2,
  "requires": true,
  "packages": {
    "": {
      "name": "@datastream/digest",
      "version": "0.0.2",
      "license": "MIT",
      "dependencies": {
        "@datastream/core": "0.0.1",
        "@datastream/digest": "0.0.1",
        "hash-wasm": "4.9.0"
      },
      "engines": {
        "node": ">=18"
      }
    },
    "../core": {
      "name": "@datastream/core",
      "version": "0.0.1",
      "dev": true,
      "license": "MIT",
      "devDependencies": {
        "@datastream/core": "0.0.1"
      },
      "engines": {
        "node": ">=18"
      }
    },
    "../core/node_modules/@datastream/core": {
      "resolved": "../core",
      "link": true
    },
    "node_modules/@datastream/core": {
      "resolved": "../core",
      "link": true
    },
    "node_modules/@datastream/digest": {
      "resolved": "",
      "link": true
    },
    "node_modules/hash-wasm": {
      "version": "4.9.0",
      "license": "MIT"
    }
  },
  "dependencies": {
    "@datastream/core": {
      "version": "file:../core",
      "requires": {
        "@datastream/core": "0.0.1"
      },
      "dependencies": {
        "@datastream/core": {
          "version": "file:../core",
          "requires": {
            "@datastream/core": "0.0.1"
          }
        }
      }
    },
    "@datastream/digest": {
      "version": "file:",
      "requires": {
        "@datastream/core": "0.0.1",
        "@datastream/digest": "0.0.1",
        "hash-wasm": "4.9.0"
      },
      "dependencies": {
        "@datastream/core": {
          "version": "file:../core",
          "requires": {
            "@datastream/core": "0.0.1"
          },
          "dependencies": {
            "@datastream/core": {
              "version": "file:../core",
              "requires": {
                "@datastream/core": "0.0.1"
              }
            }
          }
        },
        "hash-wasm": {
          "version": "4.9.0"
        }
      }
    },
    "hash-wasm": {
      "version": "4.9.0"
    }
  }
}
