{
  "name": "@datastream/string",
  "version": "0.0.2",
  "lockfileVersion": 2,
  "requires": true,
  "packages": {
    "": {
      "name": "@datastream/string",
      "version": "0.0.2",
      "license": "MIT",
      "dependencies": {
        "@datastream/core": "0.0.1"
      },
      "engines": {
        "node": ">=18"
      }
    },
    "../core": {
      "name": "@datastream/core",
      "version": "0.0.1",
      "dev": true,
      "license": "MIT",
      "devDependencies": {
        "@datastream/core": "0.0.1"
      },
      "engines": {
        "node": ">=18"
      }
    },
    "../core/node_modules/@datastream/core": {
      "resolved": "../core",
      "link": true
    },
    "node_modules/@datastream/core": {
      "resolved": "../core",
      "link": true
    }
  },
  "dependencies": {
    "@datastream/core": {
      "version": "file:../core",
      "requires": {
        "@datastream/core": "0.0.1"
      },
      "dependencies": {
        "@datastream/core": {
          "version": "file:../core",
          "requires": {
            "@datastream/core": "0.0.1"
          }
        }
      }
    }
  }
}
