{
  "name": "@datastream/charset",
  "version": "0.0.5",
  "lockfileVersion": 2,
  "requires": true,
  "packages": {
    "": {
      "name": "@datastream/charset",
      "version": "0.0.5",
      "license": "MIT",
      "dependencies": {
        "@datastream/charset": "0.0.5",
        "@datastream/core": "0.0.5",
        "charset-detector": "0.0.2",
        "iconv-lite": "0.6.3"
      },
      "engines": {
        "node": ">=18"
      }
    },
    "node_modules/@datastream/charset": {
      "version": "0.0.5",
      "resolved": "https://registry.npmjs.org/@datastream/charset/-/charset-0.0.5.tgz",
      "integrity": "sha512-vIkIKUwZw/B1uukVbogko+9+sKuevw/+MeXRIiTD4afYnpVo0jR+/LMc9q7LebHe4NSx6lKpLUqLqmy/iaBnYg==",
      "dependencies": {
        "@datastream/charset": "0.0.5",
        "@datastream/core": "0.0.5",
        "charset-detector": "0.0.2",
        "iconv-lite": "0.6.3"
      },
      "engines": {
        "node": ">=18"
      }
    },
    "node_modules/@datastream/core": {
      "version": "0.0.5",
      "resolved": "https://registry.npmjs.org/@datastream/core/-/core-0.0.5.tgz",
      "integrity": "sha512-uh4GUQ8HPKbRlK6s5tW8rMB03mNDjaPQ3Mkf+TLkmzinNk5Lw9u20Bn3afRKylLWXRW6jU5Q/SdP0u7TYOKWLQ==",
      "engines": {
        "node": ">=18"
      }
    },
    "node_modules/charset-detector": {
      "version": "0.0.2",
      "resolved": "https://registry.npmjs.org/charset-detector/-/charset-detector-0.0.2.tgz",
      "integrity": "sha512-aZBFdf9aE168W7w3t9JNC0w9hZdTKjtq1hsrfbziJA4DrNI22Mfrc74gw3aADIA9bCQV2IpnbjyQcDHa3qM4rg=="
    },
    "node_modules/iconv-lite": {
      "version": "0.6.3",
      "resolved": "https://registry.npmjs.org/iconv-lite/-/iconv-lite-0.6.3.tgz",
      "integrity": "sha512-4fCk79wshMdzMp2rH06qWrJE4iolqLhCUH+OiuIgU++RB0+94NlDL81atO7GX55uUKueo0txHNtvEyI6D7WdMw==",
      "dependencies": {
        "safer-buffer": ">= 2.1.2 < 3.0.0"
      },
      "engines": {
        "node": ">=0.10.0"
      }
    },
    "node_modules/safer-buffer": {
      "version": "2.1.2",
      "resolved": "https://registry.npmjs.org/safer-buffer/-/safer-buffer-2.1.2.tgz",
      "integrity": "sha512-YZo3K82SD7Riyi0E1EQPojLz7kpepnSQI9IyPbHHg1XXXevb5dJI7tpyN2ADxGcQbHG7vcyRHk0cbwqcQriUtg=="
    }
  },
  "dependencies": {
    "@datastream/charset": {
      "version": "0.0.5",
      "resolved": "https://registry.npmjs.org/@datastream/charset/-/charset-0.0.5.tgz",
      "integrity": "sha512-vIkIKUwZw/B1uukVbogko+9+sKuevw/+MeXRIiTD4afYnpVo0jR+/LMc9q7LebHe4NSx6lKpLUqLqmy/iaBnYg==",
      "requires": {
        "@datastream/charset": "0.0.5",
        "@datastream/core": "0.0.5",
        "charset-detector": "0.0.2",
        "iconv-lite": "0.6.3"
      }
    },
    "@datastream/core": {
      "version": "0.0.5",
      "resolved": "https://registry.npmjs.org/@datastream/core/-/core-0.0.5.tgz",
      "integrity": "sha512-uh4GUQ8HPKbRlK6s5tW8rMB03mNDjaPQ3Mkf+TLkmzinNk5Lw9u20Bn3afRKylLWXRW6jU5Q/SdP0u7TYOKWLQ=="
    },
    "charset-detector": {
      "version": "0.0.2",
      "resolved": "https://registry.npmjs.org/charset-detector/-/charset-detector-0.0.2.tgz",
      "integrity": "sha512-aZBFdf9aE168W7w3t9JNC0w9hZdTKjtq1hsrfbziJA4DrNI22Mfrc74gw3aADIA9bCQV2IpnbjyQcDHa3qM4rg=="
    },
    "iconv-lite": {
      "version": "0.6.3",
      "resolved": "https://registry.npmjs.org/iconv-lite/-/iconv-lite-0.6.3.tgz",
      "integrity": "sha512-4fCk79wshMdzMp2rH06qWrJE4iolqLhCUH+OiuIgU++RB0+94NlDL81atO7GX55uUKueo0txHNtvEyI6D7WdMw==",
      "requires": {
        "safer-buffer": ">= 2.1.2 < 3.0.0"
      }
    },
    "safer-buffer": {
      "version": "2.1.2",
      "resolved": "https://registry.npmjs.org/safer-buffer/-/safer-buffer-2.1.2.tgz",
      "integrity": "sha512-YZo3K82SD7Riyi0E1EQPojLz7kpepnSQI9IyPbHHg1XXXevb5dJI7tpyN2ADxGcQbHG7vcyRHk0cbwqcQriUtg=="
    }
  }
}
