{
  "name": "@datastream/charset",
  "version": "0.0.3",
  "lockfileVersion": 2,
  "requires": true,
  "packages": {
    "": {
      "name": "@datastream/charset",
      "version": "0.0.3",
      "license": "MIT",
      "dependencies": {
        "@datastream/charset": "0.0.3",
        "@datastream/core": "0.0.3",
        "charset-detector": "0.0.2",
        "iconv-lite": "0.6.3"
      },
      "devDependencies": {},
      "engines": {
        "node": ">=18"
      }
    },
    "../core": {
      "name": "@datastream/core",
      "version": "0.0.3",
      "dev": true,
      "license": "MIT",
      "devDependencies": {
        "@datastream/core": "0.0.3"
      },
      "engines": {
        "node": ">=18"
      }
    },
    "../core/node_modules/@datastream/core": {
      "resolved": "../core",
      "link": true
    },
    "node_modules/@datastream/charset": {
      "resolved": "",
      "link": true
    },
    "node_modules/@datastream/core": {
      "resolved": "../core",
      "link": true
    },
    "node_modules/charset-detector": {
      "version": "0.0.2",
      "resolved": "https://registry.npmjs.org/charset-detector/-/charset-detector-0.0.2.tgz",
      "integrity": "sha512-aZBFdf9aE168W7w3t9JNC0w9hZdTKjtq1hsrfbziJA4DrNI22Mfrc74gw3aADIA9bCQV2IpnbjyQcDHa3qM4rg=="
    },
    "node_modules/iconv-lite": {
      "version": "0.6.3",
      "resolved": "https://registry.npmjs.org/iconv-lite/-/iconv-lite-0.6.3.tgz",
      "integrity": "sha512-4fCk79wshMdzMp2rH06qWrJE4iolqLhCUH+OiuIgU++RB0+94NlDL81atO7GX55uUKueo0txHNtvEyI6D7WdMw==",
      "dependencies": {
        "safer-buffer": ">= 2.1.2 < 3.0.0"
      },
      "engines": {
        "node": ">=0.10.0"
      }
    },
    "node_modules/safer-buffer": {
      "version": "2.1.2",
      "resolved": "https://registry.npmjs.org/safer-buffer/-/safer-buffer-2.1.2.tgz",
      "integrity": "sha512-YZo3K82SD7Riyi0E1EQPojLz7kpepnSQI9IyPbHHg1XXXevb5dJI7tpyN2ADxGcQbHG7vcyRHk0cbwqcQriUtg=="
    }
  },
  "dependencies": {
    "@datastream/charset": {
      "version": "file:",
      "requires": {
        "@datastream/charset": "0.0.3",
        "@datastream/core": "0.0.3",
        "charset-detector": "0.0.2",
        "iconv-lite": "*"
      },
      "dependencies": {
        "@datastream/core": {
          "version": "file:../core",
          "requires": {
            "@datastream/core": "0.0.3"
          },
          "dependencies": {
            "@datastream/core": {
              "version": "file:../core",
              "requires": {
                "@datastream/core": "0.0.3"
              }
            }
          }
        },
        "charset-detector": {
          "version": "0.0.2",
          "resolved": "https://registry.npmjs.org/charset-detector/-/charset-detector-0.0.2.tgz",
          "integrity": "sha512-aZBFdf9aE168W7w3t9JNC0w9hZdTKjtq1hsrfbziJA4DrNI22Mfrc74gw3aADIA9bCQV2IpnbjyQcDHa3qM4rg=="
        },
        "iconv-lite": {
          "version": "0.6.3",
          "resolved": "https://registry.npmjs.org/iconv-lite/-/iconv-lite-0.6.3.tgz",
          "integrity": "sha512-4fCk79wshMdzMp2rH06qWrJE4iolqLhCUH+OiuIgU++RB0+94NlDL81atO7GX55uUKueo0txHNtvEyI6D7WdMw==",
          "requires": {
            "safer-buffer": ">= 2.1.2 < 3.0.0"
          }
        },
        "safer-buffer": {
          "version": "2.1.2",
          "resolved": "https://registry.npmjs.org/safer-buffer/-/safer-buffer-2.1.2.tgz",
          "integrity": "sha512-YZo3K82SD7Riyi0E1EQPojLz7kpepnSQI9IyPbHHg1XXXevb5dJI7tpyN2ADxGcQbHG7vcyRHk0cbwqcQriUtg=="
        }
      }
    },
    "@datastream/core": {
      "version": "file:../core",
      "requires": {
        "@datastream/core": "0.0.3"
      },
      "dependencies": {
        "@datastream/core": {
          "version": "file:../core",
          "requires": {
            "@datastream/core": "0.0.3"
          }
        }
      }
    },
    "charset-detector": {
      "version": "0.0.2",
      "resolved": "https://registry.npmjs.org/charset-detector/-/charset-detector-0.0.2.tgz",
      "integrity": "sha512-aZBFdf9aE168W7w3t9JNC0w9hZdTKjtq1hsrfbziJA4DrNI22Mfrc74gw3aADIA9bCQV2IpnbjyQcDHa3qM4rg=="
    },
    "iconv-lite": {
      "version": "0.6.3",
      "resolved": "https://registry.npmjs.org/iconv-lite/-/iconv-lite-0.6.3.tgz",
      "integrity": "sha512-4fCk79wshMdzMp2rH06qWrJE4iolqLhCUH+OiuIgU++RB0+94NlDL81atO7GX55uUKueo0txHNtvEyI6D7WdMw==",
      "requires": {
        "safer-buffer": ">= 2.1.2 < 3.0.0"
      }
    },
    "safer-buffer": {
      "version": "2.1.2",
      "resolved": "https://registry.npmjs.org/safer-buffer/-/safer-buffer-2.1.2.tgz",
      "integrity": "sha512-YZo3K82SD7Riyi0E1EQPojLz7kpepnSQI9IyPbHHg1XXXevb5dJI7tpyN2ADxGcQbHG7vcyRHk0cbwqcQriUtg=="
    }
  }
}
