{
  "name": "@datastream/charset",
  "version": "0.0.3",
  "lockfileVersion": 2,
  "requires": true,
  "packages": {
    "": {
      "name": "@datastream/charset",
      "version": "0.0.3",
      "license": "MIT",
      "dependencies": {
        "@datastream/core": "0.0.2",
        "charset-detector": "0.0.2"
      },
      "devDependencies": {
        "@datastream/charset": "0.0.2"
      },
      "engines": {
        "node": ">=18"
      }
    },
    "../core": {
      "name": "@datastream/core",
      "version": "0.0.2",
      "dev": true,
      "license": "MIT",
      "devDependencies": {
        "@datastream/core": "0.0.2"
      },
      "engines": {
        "node": ">=18"
      }
    },
    "../core/node_modules/@datastream/core": {
      "resolved": "../core",
      "link": true
    },
    "node_modules/@datastream/charset": {
      "resolved": "",
      "link": true
    },
    "node_modules/@datastream/core": {
      "resolved": "../core",
      "link": true
    },
    "node_modules/charset-detector": {
      "version": "0.0.2",
      "resolved": "https://registry.npmjs.org/charset-detector/-/charset-detector-0.0.2.tgz",
      "integrity": "sha512-aZBFdf9aE168W7w3t9JNC0w9hZdTKjtq1hsrfbziJA4DrNI22Mfrc74gw3aADIA9bCQV2IpnbjyQcDHa3qM4rg=="
    }
  },
  "dependencies": {
    "@datastream/charset": {
      "version": "file:",
      "requires": {
        "@datastream/charset": "0.0.2",
        "@datastream/core": "0.0.2",
        "charset-detector": "0.0.2"
      },
      "dependencies": {
        "@datastream/core": {
          "version": "file:../core",
          "requires": {
            "@datastream/core": "0.0.2"
          },
          "dependencies": {
            "@datastream/core": {
              "version": "file:../core",
              "requires": {
                "@datastream/core": "0.0.2"
              }
            }
          }
        },
        "charset-detector": {
          "version": "0.0.2",
          "resolved": "https://registry.npmjs.org/charset-detector/-/charset-detector-0.0.2.tgz",
          "integrity": "sha512-aZBFdf9aE168W7w3t9JNC0w9hZdTKjtq1hsrfbziJA4DrNI22Mfrc74gw3aADIA9bCQV2IpnbjyQcDHa3qM4rg=="
        }
      }
    },
    "@datastream/core": {
      "version": "file:../core",
      "requires": {
        "@datastream/core": "0.0.2"
      },
      "dependencies": {
        "@datastream/core": {
          "version": "file:../core",
          "requires": {
            "@datastream/core": "0.0.2"
          }
        }
      }
    },
    "charset-detector": {
      "version": "0.0.2",
      "resolved": "https://registry.npmjs.org/charset-detector/-/charset-detector-0.0.2.tgz",
      "integrity": "sha512-aZBFdf9aE168W7w3t9JNC0w9hZdTKjtq1hsrfbziJA4DrNI22Mfrc74gw3aADIA9bCQV2IpnbjyQcDHa3qM4rg=="
    }
  }
}
