{
  "name": "@datastream/core",
  "version": "0.0.5",
  "lockfileVersion": 2,
  "requires": true,
  "packages": {
    "": {
      "name": "@datastream/core",
      "version": "0.0.5",
      "license": "MIT",
      "dependencies": {
        "cloneable-readable": "3.0.0"
      },
      "devDependencies": {
        "@datastream/core": "0.0.5",
        "@datastream/object": "0.0.5"
      },
      "engines": {
        "node": ">=18"
      }
    },
    "node_modules/@datastream/core": {
      "version": "0.0.5",
      "resolved": "https://registry.npmjs.org/@datastream/core/-/core-0.0.5.tgz",
      "integrity": "sha512-uh4GUQ8HPKbRlK6s5tW8rMB03mNDjaPQ3Mkf+TLkmzinNk5Lw9u20Bn3afRKylLWXRW6jU5Q/SdP0u7TYOKWLQ==",
      "dev": true,
      "engines": {
        "node": ">=18"
      }
    },
    "node_modules/@datastream/object": {
      "version": "0.0.5",
      "resolved": "https://registry.npmjs.org/@datastream/object/-/object-0.0.5.tgz",
      "integrity": "sha512-fk1wL7anp+G5OCNee2ExKP3Le4SMkr09Fo/u6BO1adiLF0t73S+5PIf6xIVM/2XjAMCf4rXVoq1TbSuuIyvnJQ==",
      "dev": true,
      "dependencies": {
        "@datastream/core": "0.0.5"
      },
      "engines": {
        "node": ">=18"
      }
    },
    "node_modules/abort-controller": {
      "version": "3.0.0",
      "resolved": "https://registry.npmjs.org/abort-controller/-/abort-controller-3.0.0.tgz",
      "integrity": "sha512-h8lQ8tacZYnR3vNQTgibj+tODHI5/+l06Au2Pcriv/Gmet0eaj4TwWH41sO9wnHDiQsEj19q0drzdWdeAHtweg==",
      "dependencies": {
        "event-target-shim": "^5.0.0"
      },
      "engines": {
        "node": ">=6.5"
      }
    },
    "node_modules/cloneable-readable": {
      "version": "3.0.0",
      "resolved": "https://registry.npmjs.org/cloneable-readable/-/cloneable-readable-3.0.0.tgz",
      "integrity": "sha512-Lkfd9IRx1nfiBr7UHNxJSl/x7DOeUfYmxzCkxYJC2tyc/9vKgV75msgLGurGQsak/NvJDHMWcshzEXRlxfvhqg==",
      "dependencies": {
        "readable-stream": "^4.0.0"
      }
    },
    "node_modules/event-target-shim": {
      "version": "5.0.1",
      "resolved": "https://registry.npmjs.org/event-target-shim/-/event-target-shim-5.0.1.tgz",
      "integrity": "sha512-i/2XbnSz/uxRCU6+NdVJgKWDTM427+MqYbkQzD321DuCQJUqOuJKIA0IM2+W2xtYHdKOmZ4dR6fExsd4SXL+WQ==",
      "engines": {
        "node": ">=6"
      }
    },
    "node_modules/readable-stream": {
      "version": "4.1.0",
      "resolved": "https://registry.npmjs.org/readable-stream/-/readable-stream-4.1.0.tgz",
      "integrity": "sha512-sVisi3+P2lJ2t0BPbpK629j8wRW06yKGJUcaLAGXPAUhyUxVJm7VsCTit1PFgT4JHUDMrGNR+ZjSKpzGaRF3zw==",
      "dependencies": {
        "abort-controller": "^3.0.0"
      },
      "engines": {
        "node": "^12.22.0 || ^14.17.0 || >=16.0.0"
      }
    }
  },
  "dependencies": {
    "@datastream/core": {
      "version": "0.0.5",
      "resolved": "https://registry.npmjs.org/@datastream/core/-/core-0.0.5.tgz",
      "integrity": "sha512-uh4GUQ8HPKbRlK6s5tW8rMB03mNDjaPQ3Mkf+TLkmzinNk5Lw9u20Bn3afRKylLWXRW6jU5Q/SdP0u7TYOKWLQ==",
      "dev": true
    },
    "@datastream/object": {
      "version": "0.0.5",
      "resolved": "https://registry.npmjs.org/@datastream/object/-/object-0.0.5.tgz",
      "integrity": "sha512-fk1wL7anp+G5OCNee2ExKP3Le4SMkr09Fo/u6BO1adiLF0t73S+5PIf6xIVM/2XjAMCf4rXVoq1TbSuuIyvnJQ==",
      "dev": true,
      "requires": {
        "@datastream/core": "0.0.5"
      }
    },
    "abort-controller": {
      "version": "3.0.0",
      "resolved": "https://registry.npmjs.org/abort-controller/-/abort-controller-3.0.0.tgz",
      "integrity": "sha512-h8lQ8tacZYnR3vNQTgibj+tODHI5/+l06Au2Pcriv/Gmet0eaj4TwWH41sO9wnHDiQsEj19q0drzdWdeAHtweg==",
      "requires": {
        "event-target-shim": "^5.0.0"
      }
    },
    "cloneable-readable": {
      "version": "3.0.0",
      "resolved": "https://registry.npmjs.org/cloneable-readable/-/cloneable-readable-3.0.0.tgz",
      "integrity": "sha512-Lkfd9IRx1nfiBr7UHNxJSl/x7DOeUfYmxzCkxYJC2tyc/9vKgV75msgLGurGQsak/NvJDHMWcshzEXRlxfvhqg==",
      "requires": {
        "readable-stream": "^4.0.0"
      }
    },
    "event-target-shim": {
      "version": "5.0.1",
      "resolved": "https://registry.npmjs.org/event-target-shim/-/event-target-shim-5.0.1.tgz",
      "integrity": "sha512-i/2XbnSz/uxRCU6+NdVJgKWDTM427+MqYbkQzD321DuCQJUqOuJKIA0IM2+W2xtYHdKOmZ4dR6fExsd4SXL+WQ=="
    },
    "readable-stream": {
      "version": "4.1.0",
      "resolved": "https://registry.npmjs.org/readable-stream/-/readable-stream-4.1.0.tgz",
      "integrity": "sha512-sVisi3+P2lJ2t0BPbpK629j8wRW06yKGJUcaLAGXPAUhyUxVJm7VsCTit1PFgT4JHUDMrGNR+ZjSKpzGaRF3zw==",
      "requires": {
        "abort-controller": "^3.0.0"
      }
    }
  }
}
