{
  "name": "@datastream/core",
  "version": "0.0.0",
  "lockfileVersion": 2,
  "requires": true,
  "dev": true,
  "packages": {
    "": {
      "name": "@datastream/core",
      "version": "0.0.0",
      "dev": true,
      "license": "MIT",
      "devDependencies": {
        "@datastream/core": "file:./"
      },
      "engines": {
        "node": ">=18"
      }
    },
    "node_modules/@datastream/core": {
      "resolved": "",
      "link": true
    }
  },
  "dependencies": {
    "@datastream/core": {
      "version": "file:",
      "requires": {
        "@datastream/core": "file:"
      }
    }
  }
}
