{
  "name": "@datastream/csv",
  "version": "0.0.6",
  "lockfileVersion": 2,
  "requires": true,
  "packages": {
    "": {
      "name": "@datastream/csv",
      "version": "0.0.6",
      "license": "MIT",
      "dependencies": {
        "@datastream/core": "0.0.6",
        "@datastream/csv": "0.0.6",
        "csv-rex": "0.4.2"
      },
      "engines": {
        "node": ">=18"
      }
    },
    "node_modules/@datastream/core": {
      "version": "0.0.5",
      "resolved": "https://registry.npmjs.org/@datastream/core/-/core-0.0.5.tgz",
      "integrity": "sha512-uh4GUQ8HPKbRlK6s5tW8rMB03mNDjaPQ3Mkf+TLkmzinNk5Lw9u20Bn3afRKylLWXRW6jU5Q/SdP0u7TYOKWLQ==",
      "engines": {
        "node": ">=18"
      }
    },
    "node_modules/@datastream/csv": {
      "version": "0.0.5",
      "resolved": "https://registry.npmjs.org/@datastream/csv/-/csv-0.0.5.tgz",
      "integrity": "sha512-44UwEpGvzTR1YtqVWAbF/Ovmw394lthnNafirJYD9nq+wDfYn5NKQw15tAUKDO9I7r0bZMO8UjcP/qkhQPsyjA==",
      "dependencies": {
        "@datastream/core": "0.0.5",
        "@datastream/csv": "0.0.5",
        "csv-rex": "0.4.1"
      },
      "engines": {
        "node": ">=18"
      }
    },
    "node_modules/@datastream/csv/node_modules/csv-rex": {
      "version": "0.4.1",
      "resolved": "https://registry.npmjs.org/csv-rex/-/csv-rex-0.4.1.tgz",
      "integrity": "sha512-9Sd3OaknflGBBD4IAFPW0/a0Pr1gpiQkqnR9qVM0IssXrCB35xgLS2ik/7yVmXrY8FH1sdlopMmsX42PcCmtiQ==",
      "dependencies": {
        "csv-rex": "file:./"
      }
    },
    "node_modules/@datastream/csv/node_modules/csv-rex/node_modules/csv-rex": {
      "resolved": "node_modules/@datastream/csv/node_modules/csv-rex",
      "link": true
    },
    "node_modules/csv-rex": {
      "version": "0.4.2",
      "resolved": "https://registry.npmjs.org/csv-rex/-/csv-rex-0.4.2.tgz",
      "integrity": "sha512-CQR2ipRMzNXGR+oYWXHCXj4neceRCl+iY4HirdIVrM2f7JebGcVJm7NrHqbq5J2Jbf/4YS0E/AHZJUvguroGXA==",
      "dependencies": {
        "csv-rex": "0.4.2"
      }
    }
  },
  "dependencies": {
    "@datastream/core": {
      "version": "0.0.5",
      "resolved": "https://registry.npmjs.org/@datastream/core/-/core-0.0.5.tgz",
      "integrity": "sha512-uh4GUQ8HPKbRlK6s5tW8rMB03mNDjaPQ3Mkf+TLkmzinNk5Lw9u20Bn3afRKylLWXRW6jU5Q/SdP0u7TYOKWLQ=="
    },
    "@datastream/csv": {
      "version": "0.0.5",
      "resolved": "https://registry.npmjs.org/@datastream/csv/-/csv-0.0.5.tgz",
      "integrity": "sha512-44UwEpGvzTR1YtqVWAbF/Ovmw394lthnNafirJYD9nq+wDfYn5NKQw15tAUKDO9I7r0bZMO8UjcP/qkhQPsyjA==",
      "requires": {
        "@datastream/core": "0.0.5",
        "@datastream/csv": "0.0.5",
        "csv-rex": "0.4.1"
      },
      "dependencies": {
        "csv-rex": {
          "version": "0.4.1",
          "resolved": "https://registry.npmjs.org/csv-rex/-/csv-rex-0.4.1.tgz",
          "integrity": "sha512-9Sd3OaknflGBBD4IAFPW0/a0Pr1gpiQkqnR9qVM0IssXrCB35xgLS2ik/7yVmXrY8FH1sdlopMmsX42PcCmtiQ==",
          "requires": {
            "csv-rex": "file:"
          },
          "dependencies": {
            "csv-rex": {
              "version": "file:node_modules/@datastream/csv/node_modules/csv-rex",
              "requires": {
                "csv-rex": "file:"
              }
            }
          }
        }
      }
    },
    "csv-rex": {
      "version": "0.4.2",
      "resolved": "https://registry.npmjs.org/csv-rex/-/csv-rex-0.4.2.tgz",
      "integrity": "sha512-CQR2ipRMzNXGR+oYWXHCXj4neceRCl+iY4HirdIVrM2f7JebGcVJm7NrHqbq5J2Jbf/4YS0E/AHZJUvguroGXA==",
      "requires": {
        "csv-rex": "0.4.2"
      }
    }
  }
}
