{
  "name": "@datastream/csv",
  "version": "0.0.28",
  "lockfileVersion": 3,
  "requires": true,
  "packages": {
    "": {
      "name": "@datastream/csv",
      "version": "0.0.28",
      "license": "MIT",
      "dependencies": {
        "csv-rex": "0.4.2"
      },
      "engines": {
        "node": ">=18"
      }
    },
    "node_modules/csv-rex": {
      "version": "0.5.1",
      "resolved": "https://registry.npmjs.org/csv-rex/-/csv-rex-0.5.1.tgz",
      "integrity": "sha512-YckDvNz2YQzJB3QmCTFBAnNpTukiAUEFv/pail7FGrwJOZRkqDy2+LWbcg35XeciiGel5XLGi7iI9wvH2lUZfw==",
      "dependencies": {
        "csv-rex": "0.4.2"
      },
      "funding": {
        "type": "github",
        "url": "https://github.com/sponsors/willfarrell"
      }
    },
    "node_modules/csv-rex/node_modules/csv-rex": {
      "version": "0.4.2",
      "resolved": "https://registry.npmjs.org/csv-rex/-/csv-rex-0.4.2.tgz",
      "integrity": "sha512-CQR2ipRMzNXGR+oYWXHCXj4neceRCl+iY4HirdIVrM2f7JebGcVJm7NrHqbq5J2Jbf/4YS0E/AHZJUvguroGXA==",
      "dependencies": {
        "csv-rex": "0.4.2"
      }
    }
  }
}
