{
  "name": "@datastream/csv",
  "version": "0.0.2",
  "lockfileVersion": 2,
  "requires": true,
  "packages": {
    "": {
      "name": "@datastream/csv",
      "version": "0.0.2",
      "license": "MIT",
      "dependencies": {
        "@datastream/core": "0.0.1",
        "@datastream/csv": "0.0.1",
        "csv-rex": "0.3.0"
      },
      "engines": {
        "node": ">=18"
      }
    },
    "../../../csv-rex": {
      "version": "0.3.0",
      "license": "MIT",
      "dependencies": {
        "csv-rex": "file:./"
      },
      "devDependencies": {
        "@commitlint/cli": "^17.0.0",
        "@commitlint/config-conventional": "^17.0.0",
        "benny": "3.7.1",
        "c8": "^7.11.0",
        "esbuild": "^0.14.47",
        "husky": "^8.0.0",
        "lint-staged": "^13.0.0",
        "papaparse": "5.3.2",
        "prettier": "^2.0.0",
        "sinon": "^13.0.1",
        "standard": "17.0.0"
      }
    },
    "node_modules/@datastream/core": {
      "version": "0.0.1",
      "resolved": "https://registry.npmjs.org/@datastream/core/-/core-0.0.1.tgz",
      "integrity": "sha512-DpMSUBNoDSjG6Tn5746oaZPlr0dWjzP7sEi5usXbH6/0GyMPEYsmi134KMUPXjDYQYj3RoWioz0dP4zYg3xvAQ==",
      "engines": {
        "node": ">=18"
      }
    },
    "node_modules/@datastream/csv": {
      "version": "0.0.1",
      "resolved": "https://registry.npmjs.org/@datastream/csv/-/csv-0.0.1.tgz",
      "integrity": "sha512-JE+Fws7vy8iLbtRilrU+ucnWpzjtZ0O0UjQxn64lKSmZZzl88yBJ9GJWUZ39ILlNXD8gcjaWSTgu0eEjChhDLQ==",
      "dependencies": {
        "@datastream/core": "0.0.1",
        "@datastream/csv": "0.0.1",
        "csv-rex": "0.3.0"
      },
      "engines": {
        "node": ">=18"
      }
    },
    "node_modules/csv-rex": {
      "resolved": "../../../csv-rex",
      "link": true
    }
  },
  "dependencies": {
    "@datastream/core": {
      "version": "0.0.1",
      "resolved": "https://registry.npmjs.org/@datastream/core/-/core-0.0.1.tgz",
      "integrity": "sha512-DpMSUBNoDSjG6Tn5746oaZPlr0dWjzP7sEi5usXbH6/0GyMPEYsmi134KMUPXjDYQYj3RoWioz0dP4zYg3xvAQ=="
    },
    "@datastream/csv": {
      "version": "0.0.1",
      "resolved": "https://registry.npmjs.org/@datastream/csv/-/csv-0.0.1.tgz",
      "integrity": "sha512-JE+Fws7vy8iLbtRilrU+ucnWpzjtZ0O0UjQxn64lKSmZZzl88yBJ9GJWUZ39ILlNXD8gcjaWSTgu0eEjChhDLQ==",
      "requires": {
        "@datastream/core": "0.0.1",
        "@datastream/csv": "0.0.1",
        "csv-rex": "0.3.0"
      }
    },
    "csv-rex": {
      "version": "file:../../../csv-rex",
      "requires": {
        "@commitlint/cli": "^17.0.0",
        "@commitlint/config-conventional": "^17.0.0",
        "benny": "3.7.1",
        "c8": "^7.11.0",
        "csv-rex": "file:",
        "esbuild": "^0.14.47",
        "husky": "^8.0.0",
        "lint-staged": "^13.0.0",
        "papaparse": "5.3.2",
        "prettier": "^2.0.0",
        "sinon": "^13.0.1",
        "standard": "17.0.0"
      }
    }
  }
}
